
Microsoft Visual Studio Solution File, Format Version 12.00
# Visual Studio Version 16
VisualStudioVersion = 16.0.35026.282
MinimumVisualStudioVersion = 10.0.40219.1
Project("{FAE04EC0-301F-11D3-BF4B-00C04F79EFBC}") = "AlzahraaProject", "WindowsFormsApp1\AlzahraaProject.csproj", "{D5A69C54-4D60-4D72-A860-3D17037D3ED1}"
EndProject
Global
	GlobalSection(SolutionConfigurationPlatforms) = preSolution
		Debug|Any CPU = Debug|Any CPU
		Release|Any CPU = Release|Any CPU
	EndGlobalSection
	GlobalSection(ProjectConfigurationPlatforms) = postSolution
		{D5A69C54-4D60-4D72-A860-3D17037D3ED1}.Debug|Any CPU.ActiveCfg = Debug|Any CPU
		{D5A69C54-4D60-4D72-A860-3D17037D3ED1}.Debug|Any CPU.Build.0 = Debug|Any CPU
		{D5A69C54-4D60-4D72-A860-3D17037D3ED1}.Release|Any CPU.ActiveCfg = Release|Any CPU
		{D5A69C54-4D60-4D72-A860-3D17037D3ED1}.Release|Any CPU.Build.0 = Release|Any CPU
	EndGlobalSection
	GlobalSection(SolutionProperties) = preSolution
		HideSolutionNode = FALSE
	EndGlobalSection
	GlobalSection(ExtensibilityGlobals) = postSolution
		SolutionGuid = {E80E6A4A-1245-4AD3-A983-ED48AEF77D38}
	EndGlobalSection
EndGlobal
